
Microsoft Visual Studio Solution File, Format Version 12.00
# Visual Studio Version 17
VisualStudioVersion = 17.14.36804.6
MinimumVisualStudioVersion = 10.0.40219.1
Project("{FAE04EC0-301F-11D3-BF4B-00C04F79EFBC}") = "SDE", "SDE\SDE.csproj", "{12A88ED1-4219-4F6A-8D4C-3B4CFE3D2865}"
EndProject
Project("{FAE04EC0-301F-11D3-BF4B-00C04F79EFBC}") = "ActImaging", "ActImaging\ActImaging.csproj", "{2D16AF7F-FD66-4D3B-AB6D-22C1CF73DAED}"
	ProjectSection(ProjectDependencies) = postProject
		{2BF1C650-E4D0-C017-6D5F-D89D95C56847} = {2BF1C650-E4D0-C017-6D5F-D89D95C56847}
		{812355C7-A277-4E8C-B6A0-306310F8F183} = {812355C7-A277-4E8C-B6A0-306310F8F183}
		{DD29BC01-3E6B-7E3C-8940-A61C0C42100C} = {DD29BC01-3E6B-7E3C-8940-A61C0C42100C}
	EndProjectSection
EndProject
Project("{FAE04EC0-301F-11D3-BF4B-00C04F79EFBC}") = "GRF", "GRF\GRF.csproj", "{2BF1C650-E4D0-C017-6D5F-D89D95C56847}"
	ProjectSection(ProjectDependencies) = postProject
		{DD29BC01-3E6B-7E3C-8940-A61C0C42100C} = {DD29BC01-3E6B-7E3C-8940-A61C0C42100C}
	EndProjectSection
EndProject
Project("{FAE04EC0-301F-11D3-BF4B-00C04F79EFBC}") = "GrfToWpfBridge", "GrfToWpfBridge\GrfToWpfBridge.csproj", "{EC4E062E-A9A8-4C70-A91A-59C64BAFD38A}"
	ProjectSection(ProjectDependencies) = postProject
		{812355C7-A277-4E8C-B6A0-306310F8F183} = {812355C7-A277-4E8C-B6A0-306310F8F183}
		{DD29BC01-3E6B-7E3C-8940-A61C0C42100C} = {DD29BC01-3E6B-7E3C-8940-A61C0C42100C}
	EndProjectSection
EndProject
Project("{FAE04EC0-301F-11D3-BF4B-00C04F79EFBC}") = "TokeiLibrary", "TokeiLibrary\TokeiLibrary.csproj", "{812355C7-A277-4E8C-B6A0-306310F8F183}"
	ProjectSection(ProjectDependencies) = postProject
		{DD29BC01-3E6B-7E3C-8940-A61C0C42100C} = {DD29BC01-3E6B-7E3C-8940-A61C0C42100C}
	EndProjectSection
EndProject
Project("{FAE04EC0-301F-11D3-BF4B-00C04F79EFBC}") = "Utilities", "Utilities\Utilities.csproj", "{DD29BC01-3E6B-7E3C-8940-A61C0C42100C}"
EndProject
Global
	GlobalSection(SolutionConfigurationPlatforms) = preSolution
		Debug|Any CPU = Debug|Any CPU
		Debug|x64 = Debug|x64
		Debug|x86 = Debug|x86
		Release|Any CPU = Release|Any CPU
		Release|x64 = Release|x64
		Release|x86 = Release|x86
	EndGlobalSection
	GlobalSection(ProjectConfigurationPlatforms) = postSolution
		{12A88ED1-4219-4F6A-8D4C-3B4CFE3D2865}.Debug|Any CPU.ActiveCfg = Debug|x64
		{12A88ED1-4219-4F6A-8D4C-3B4CFE3D2865}.Debug|Any CPU.Build.0 = Debug|x64
		{12A88ED1-4219-4F6A-8D4C-3B4CFE3D2865}.Debug|x64.ActiveCfg = Debug|x64
		{12A88ED1-4219-4F6A-8D4C-3B4CFE3D2865}.Debug|x64.Build.0 = Debug|x64
		{12A88ED1-4219-4F6A-8D4C-3B4CFE3D2865}.Debug|x86.ActiveCfg = Debug|x86
		{12A88ED1-4219-4F6A-8D4C-3B4CFE3D2865}.Debug|x86.Build.0 = Debug|x86
		{12A88ED1-4219-4F6A-8D4C-3B4CFE3D2865}.Release|Any CPU.ActiveCfg = Release|Any CPU
		{12A88ED1-4219-4F6A-8D4C-3B4CFE3D2865}.Release|Any CPU.Build.0 = Release|Any CPU
		{12A88ED1-4219-4F6A-8D4C-3B4CFE3D2865}.Release|x64.ActiveCfg = Release|x64
		{12A88ED1-4219-4F6A-8D4C-3B4CFE3D2865}.Release|x64.Build.0 = Release|x64
		{12A88ED1-4219-4F6A-8D4C-3B4CFE3D2865}.Release|x86.ActiveCfg = Release|x86
		{12A88ED1-4219-4F6A-8D4C-3B4CFE3D2865}.Release|x86.Build.0 = Release|x86
		{2D16AF7F-FD66-4D3B-AB6D-22C1CF73DAED}.Debug|Any CPU.ActiveCfg = Debug|x64
		{2D16AF7F-FD66-4D3B-AB6D-22C1CF73DAED}.Debug|Any CPU.Build.0 = Debug|x64
		{2D16AF7F-FD66-4D3B-AB6D-22C1CF73DAED}.Debug|x64.ActiveCfg = Debug|x64
		{2D16AF7F-FD66-4D3B-AB6D-22C1CF73DAED}.Debug|x64.Build.0 = Debug|x64
		{2D16AF7F-FD66-4D3B-AB6D-22C1CF73DAED}.Debug|x86.ActiveCfg = Debug|x86
		{2D16AF7F-FD66-4D3B-AB6D-22C1CF73DAED}.Debug|x86.Build.0 = Debug|x86
		{2D16AF7F-FD66-4D3B-AB6D-22C1CF73DAED}.Release|Any CPU.ActiveCfg = Release|Any CPU
		{2D16AF7F-FD66-4D3B-AB6D-22C1CF73DAED}.Release|Any CPU.Build.0 = Release|Any CPU
		{2D16AF7F-FD66-4D3B-AB6D-22C1CF73DAED}.Release|x64.ActiveCfg = Release|x64
		{2D16AF7F-FD66-4D3B-AB6D-22C1CF73DAED}.Release|x64.Build.0 = Release|x64
		{2D16AF7F-FD66-4D3B-AB6D-22C1CF73DAED}.Release|x86.ActiveCfg = Release|x86
		{2D16AF7F-FD66-4D3B-AB6D-22C1CF73DAED}.Release|x86.Build.0 = Release|x86
		{2BF1C650-E4D0-C017-6D5F-D89D95C56847}.Debug|Any CPU.ActiveCfg = Debug|x64
		{2BF1C650-E4D0-C017-6D5F-D89D95C56847}.Debug|Any CPU.Build.0 = Debug|x64
		{2BF1C650-E4D0-C017-6D5F-D89D95C56847}.Debug|x64.ActiveCfg = Debug|x64
		{2BF1C650-E4D0-C017-6D5F-D89D95C56847}.Debug|x64.Build.0 = Debug|x64
		{2BF1C650-E4D0-C017-6D5F-D89D95C56847}.Debug|x86.ActiveCfg = Debug|x86
		{2BF1C650-E4D0-C017-6D5F-D89D95C56847}.Debug|x86.Build.0 = Debug|x86
		{2BF1C650-E4D0-C017-6D5F-D89D95C56847}.Release|Any CPU.ActiveCfg = Release|Any CPU
		{2BF1C650-E4D0-C017-6D5F-D89D95C56847}.Release|Any CPU.Build.0 = Release|Any CPU
		{2BF1C650-E4D0-C017-6D5F-D89D95C56847}.Release|x64.ActiveCfg = Release|x64
		{2BF1C650-E4D0-C017-6D5F-D89D95C56847}.Release|x64.Build.0 = Release|x64
		{2BF1C650-E4D0-C017-6D5F-D89D95C56847}.Release|x86.ActiveCfg = Release|x86
		{2BF1C650-E4D0-C017-6D5F-D89D95C56847}.Release|x86.Build.0 = Release|x86
		{EC4E062E-A9A8-4C70-A91A-59C64BAFD38A}.Debug|Any CPU.ActiveCfg = Debug|x64
		{EC4E062E-A9A8-4C70-A91A-59C64BAFD38A}.Debug|Any CPU.Build.0 = Debug|x64
		{EC4E062E-A9A8-4C70-A91A-59C64BAFD38A}.Debug|x64.ActiveCfg = Debug|x64
		{EC4E062E-A9A8-4C70-A91A-59C64BAFD38A}.Debug|x64.Build.0 = Debug|x64
		{EC4E062E-A9A8-4C70-A91A-59C64BAFD38A}.Debug|x86.ActiveCfg = Debug|x86
		{EC4E062E-A9A8-4C70-A91A-59C64BAFD38A}.Debug|x86.Build.0 = Debug|x86
		{EC4E062E-A9A8-4C70-A91A-59C64BAFD38A}.Release|Any CPU.ActiveCfg = Release|Any CPU
		{EC4E062E-A9A8-4C70-A91A-59C64BAFD38A}.Release|Any CPU.Build.0 = Release|Any CPU
		{EC4E062E-A9A8-4C70-A91A-59C64BAFD38A}.Release|x64.ActiveCfg = Release|x64
		{EC4E062E-A9A8-4C70-A91A-59C64BAFD38A}.Release|x64.Build.0 = Release|x64
		{EC4E062E-A9A8-4C70-A91A-59C64BAFD38A}.Release|x86.ActiveCfg = Release|x86
		{EC4E062E-A9A8-4C70-A91A-59C64BAFD38A}.Release|x86.Build.0 = Release|x86
		{812355C7-A277-4E8C-B6A0-306310F8F183}.Debug|Any CPU.ActiveCfg = Debug|x64
		{812355C7-A277-4E8C-B6A0-306310F8F183}.Debug|Any CPU.Build.0 = Debug|x64
		{812355C7-A277-4E8C-B6A0-306310F8F183}.Debug|x64.ActiveCfg = Debug|x64
		{812355C7-A277-4E8C-B6A0-306310F8F183}.Debug|x64.Build.0 = Debug|x64
		{812355C7-A277-4E8C-B6A0-306310F8F183}.Debug|x86.ActiveCfg = Debug|x86
		{812355C7-A277-4E8C-B6A0-306310F8F183}.Debug|x86.Build.0 = Debug|x86
		{812355C7-A277-4E8C-B6A0-306310F8F183}.Release|Any CPU.ActiveCfg = Release|Any CPU
		{812355C7-A277-4E8C-B6A0-306310F8F183}.Release|Any CPU.Build.0 = Release|Any CPU
		{812355C7-A277-4E8C-B6A0-306310F8F183}.Release|x64.ActiveCfg = Release|x64
		{812355C7-A277-4E8C-B6A0-306310F8F183}.Release|x64.Build.0 = Release|x64
		{812355C7-A277-4E8C-B6A0-306310F8F183}.Release|x86.ActiveCfg = Release|x86
		{812355C7-A277-4E8C-B6A0-306310F8F183}.Release|x86.Build.0 = Release|x86
		{DD29BC01-3E6B-7E3C-8940-A61C0C42100C}.Debug|Any CPU.ActiveCfg = Debug|x64
		{DD29BC01-3E6B-7E3C-8940-A61C0C42100C}.Debug|Any CPU.Build.0 = Debug|x64
		{DD29BC01-3E6B-7E3C-8940-A61C0C42100C}.Debug|x64.ActiveCfg = Debug|x64
		{DD29BC01-3E6B-7E3C-8940-A61C0C42100C}.Debug|x64.Build.0 = Debug|x64
		{DD29BC01-3E6B-7E3C-8940-A61C0C42100C}.Debug|x86.ActiveCfg = Debug|x86
		{DD29BC01-3E6B-7E3C-8940-A61C0C42100C}.Debug|x86.Build.0 = Debug|x86
		{DD29BC01-3E6B-7E3C-8940-A61C0C42100C}.Release|Any CPU.ActiveCfg = Release|Any CPU
		{DD29BC01-3E6B-7E3C-8940-A61C0C42100C}.Release|Any CPU.Build.0 = Release|Any CPU
		{DD29BC01-3E6B-7E3C-8940-A61C0C42100C}.Release|x64.ActiveCfg = Release|x64
		{DD29BC01-3E6B-7E3C-8940-A61C0C42100C}.Release|x64.Build.0 = Release|x64
		{DD29BC01-3E6B-7E3C-8940-A61C0C42100C}.Release|x86.ActiveCfg = Release|x86
		{DD29BC01-3E6B-7E3C-8940-A61C0C42100C}.Release|x86.Build.0 = Release|x86
	EndGlobalSection
	GlobalSection(SolutionProperties) = preSolution
		HideSolutionNode = FALSE
	EndGlobalSection
	GlobalSection(ExtensibilityGlobals) = postSolution
		SolutionGuid = {7DB11C87-2522-498E-95FA-BAFD298AE01D}
	EndGlobalSection
EndGlobal
